dependencies:
  rethinkdb: 2.4.2
lockfileVersion: 5.1
packages:
  /bluebird/2.11.0:
    dev: false
    resolution:
      integrity: sha1-U0uQM8AiyVecVro7Plpcqvu2UOE=
  /rethinkdb/2.4.2:
    dependencies:
      bluebird: 2.11.0
    dev: false
    engines:
      node: '>= 0.10.0'
    resolution:
      integrity: sha512-6DzwqEpFc8cqesAdo07a845oBRxLiHvWzopTKBo/uY2ypGWIsJQFJk3wjRDtSEhczxJqLS0jnf37rwgzYAw8NQ==
specifiers:
  rethinkdb: 2.4.2
